
Microsoft Visual Studio Solution File, Format Version 12.00
# Visual Studio 2013
VisualStudioVersion = 12.0.30723.0
MinimumVisualStudioVersion = 10.0.40219.1
Project("{FAE04EC0-301F-11D3-BF4B-00C04F79EFBC}") = "B1Test", "B1Test\B1Test.csproj", "{8AF63BC9-8251-4262-9718-81FD9ABACDC3}"
EndProject
Project("{FAE04EC0-301F-11D3-BF4B-00C04F79EFBC}") = "B1Test.Business", "B1Test.Business\B1Test.Business.csproj", "{9A192F52-EB66-45AA-8899-AFCD8C314450}"
EndProject
Global
	GlobalSection(SolutionConfigurationPlatforms) = preSolution
		Debug|Any CPU = Debug|Any CPU
		Release|Any CPU = Release|Any CPU
	EndGlobalSection
	GlobalSection(ProjectConfigurationPlatforms) = postSolution
		{8AF63BC9-8251-4262-9718-81FD9ABACDC3}.Debug|Any CPU.ActiveCfg = Debug|Any CPU
		{8AF63BC9-8251-4262-9718-81FD9ABACDC3}.Debug|Any CPU.Build.0 = Debug|Any CPU
		{8AF63BC9-8251-4262-9718-81FD9ABACDC3}.Release|Any CPU.ActiveCfg = Release|Any CPU
		{8AF63BC9-8251-4262-9718-81FD9ABACDC3}.Release|Any CPU.Build.0 = Release|Any CPU
		{9A192F52-EB66-45AA-8899-AFCD8C314450}.Debug|Any CPU.ActiveCfg = Debug|Any CPU
		{9A192F52-EB66-45AA-8899-AFCD8C314450}.Debug|Any CPU.Build.0 = Debug|Any CPU
		{9A192F52-EB66-45AA-8899-AFCD8C314450}.Release|Any CPU.ActiveCfg = Release|Any CPU
		{9A192F52-EB66-45AA-8899-AFCD8C314450}.Release|Any CPU.Build.0 = Release|Any CPU
	EndGlobalSection
	GlobalSection(SolutionProperties) = preSolution
		HideSolutionNode = FALSE
	EndGlobalSection
EndGlobal
